
Microsoft Visual Studio Solution File, Format Version 12.00
# Visual Studio Version 16
VisualStudioVersion = 16.0.30104.148
MinimumVisualStudioVersion = 10.0.40219.1
Project("{2150E333-8FDC-42A3-9474-1A3956D46DE8}") = "App", "App", "{3BA547F3-8F0D-4E87-B3D3-173ECC5AABE9}"
EndProject
Project("{2150E333-8FDC-42A3-9474-1A3956D46DE8}") = "0 - Presentation", "0 - Presentation", "{73F54049-3DEE-4B44-9346-833FB62AE359}"
EndProject
Project("{2150E333-8FDC-42A3-9474-1A3956D46DE8}") = "1 - Application", "1 - Application", "{C68556C4-043A-4049-97AE-0514DF589E4A}"
EndProject
Project("{2150E333-8FDC-42A3-9474-1A3956D46DE8}") = "2 - Domain", "2 - Domain", "{D02A4606-57C0-41E7-8FAB-5EB542BF5F00}"
EndProject
Project("{2150E333-8FDC-42A3-9474-1A3956D46DE8}") = "3 - Infrastructure", "3 - Infrastructure", "{3B16C669-5172-4117-88BE-F6FFFF8675E9}"
EndProject
Project("{2150E333-8FDC-42A3-9474-1A3956D46DE8}") = "Mobile", "Mobile", "{37162902-2913-4E2F-B9AB-309881D154DE}"
EndProject
Project("{2150E333-8FDC-42A3-9474-1A3956D46DE8}") = "Web", "Web", "{699ECF12-1EFC-46A6-AEAE-6EE3A0BC29E2}"
EndProject
Project("{2150E333-8FDC-42A3-9474-1A3956D46DE8}") = "Common", "Common", "{B7D21CD0-7A30-4B91-AAF8-5687D7640441}"
EndProject
Project("{2150E333-8FDC-42A3-9474-1A3956D46DE8}") = "Microservices", "Microservices", "{DC594961-F041-481C-9DCF-DEBCA50742E0}"
EndProject
Project("{2150E333-8FDC-42A3-9474-1A3956D46DE8}") = "PostMicroservice", "PostMicroservice", "{1C444BE2-CE07-41B9-B90A-B41AFF27D031}"
EndProject
Project("{2150E333-8FDC-42A3-9474-1A3956D46DE8}") = "FollowerMicroservice", "FollowerMicroservice", "{978D08B5-B6D6-45F9-A465-713D38B9B7C9}"
EndProject
Project("{2150E333-8FDC-42A3-9474-1A3956D46DE8}") = "FeedMicroservice", "FeedMicroservice", "{AC41515A-7889-49F3-9D4D-17D327EC8848}"
EndProject
Project("{2150E333-8FDC-42A3-9474-1A3956D46DE8}") = "IamMicroservice", "IamMicroservice", "{D66FB795-575D-4548-BE1A-C3AA4C4E0AF2}"
EndProject
Project("{2150E333-8FDC-42A3-9474-1A3956D46DE8}") = "1 - Application", "1 - Application", "{99AFAA7E-90B9-46CC-92A2-1F410D61604E}"
EndProject
Project("{2150E333-8FDC-42A3-9474-1A3956D46DE8}") = "2 - Domain", "2 - Domain", "{479C4D25-52EE-4AEF-80FA-6AF8791AD4E5}"
EndProject
Project("{2150E333-8FDC-42A3-9474-1A3956D46DE8}") = "3 - Infrastructure", "3 - Infrastructure", "{AF46A426-0B5E-40A1-841D-969710DC98B2}"
EndProject
Project("{9A19103F-16F7-4668-BE54-9A1E7A4F7556}") = "AmazingInsta.Microservices.PostMicroservice.Domain", "AmazingInsta.Microservices.PostMicroservice.Domain\AmazingInsta.Microservices.PostMicroservice.Domain.csproj", "{1880289E-5B5F-402C-8987-0801B7B23E1F}"
EndProject
Project("{9A19103F-16F7-4668-BE54-9A1E7A4F7556}") = "AmazingInsta.Microservices.PostMicroservice.Infra.DataAccess", "AmazingInsta.Microservices.PostMicroservice.Infra.DataAccess\AmazingInsta.Microservices.PostMicroservice.Infra.DataAccess.csproj", "{62BCD6B4-1E6B-48B6-B771-6EF7329A4B5D}"
EndProject
Project("{9A19103F-16F7-4668-BE54-9A1E7A4F7556}") = "AmazingInsta.Microservices.PostMicroservice.Application.Api", "AmazingInsta.Microservices.PostMicroservice.Application.Api\AmazingInsta.Microservices.PostMicroservice.Application.Api.csproj", "{F9009B75-C58B-4C6F-9BD0-5462E0ADC8A9}"
EndProject
Project("{9A19103F-16F7-4668-BE54-9A1E7A4F7556}") = "AmazingInsta.App.UI.WebApp", "AmazingInsta.App.UI.WebApp\AmazingInsta.App.UI.WebApp.csproj", "{E0D0EE02-5E4D-4D01-B6FD-723C232F05BF}"
EndProject
Project("{9A19103F-16F7-4668-BE54-9A1E7A4F7556}") = "AmazingInsta.Common.Domain", "AmazingInsta.Common.Domain\AmazingInsta.Common.Domain.csproj", "{24FB2121-BCB4-424F-9866-0CFB7A5046D6}"
EndProject
Project("{9A19103F-16F7-4668-BE54-9A1E7A4F7556}") = "AmazingInsta.Microservices.IamMicroservice.Admin", "AmazingInsta.Microservices.IamMicroservice.Admin\AmazingInsta.Microservices.IamMicroservice.Admin.csproj", "{58C2B1FE-1679-49C5-B086-1861042B95BB}"
EndProject
Project("{9A19103F-16F7-4668-BE54-9A1E7A4F7556}") = "AmazingInsta.Microservices.IamMicroservice.Admin.Api", "AmazingInsta.Microservices.IamMicroservice.Admin.Api\AmazingInsta.Microservices.IamMicroservice.Admin.Api.csproj", "{FB72409B-099B-4C41-B02F-5C17F912205A}"
EndProject
Project("{9A19103F-16F7-4668-BE54-9A1E7A4F7556}") = "AmazingInsta.Microservices.IamMicroservice.Admin.EntityFramework.MySql", "AmazingInsta.Microservices.IamMicroservice.Admin.EntityFramework.MySql\AmazingInsta.Microservices.IamMicroservice.Admin.EntityFramework.MySql.csproj", "{E9B09E98-4074-4E30-9D82-A0B68B858AB8}"
EndProject
Project("{9A19103F-16F7-4668-BE54-9A1E7A4F7556}") = "AmazingInsta.Microservices.IamMicroservice.Admin.EntityFramework.PostgreSQL", "AmazingInsta.Microservices.IamMicroservice.Admin.EntityFramework.PostgreSQL\AmazingInsta.Microservices.IamMicroservice.Admin.EntityFramework.PostgreSQL.csproj", "{0C1C0D8D-0B6D-4575-8647-FE03AE884807}"
EndProject
Project("{9A19103F-16F7-4668-BE54-9A1E7A4F7556}") = "AmazingInsta.Microservices.IamMicroservice.Admin.EntityFramework.Shared", "AmazingInsta.Microservices.IamMicroservice.Admin.EntityFramework.Shared\AmazingInsta.Microservices.IamMicroservice.Admin.EntityFramework.Shared.csproj", "{FD774D24-8B4E-4DCA-A1A7-3B03E6B943F6}"
EndProject
Project("{9A19103F-16F7-4668-BE54-9A1E7A4F7556}") = "AmazingInsta.Microservices.IamMicroservice.Admin.EntityFramework.SqlServer", "AmazingInsta.Microservices.IamMicroservice.Admin.EntityFramework.SqlServer\AmazingInsta.Microservices.IamMicroservice.Admin.EntityFramework.SqlServer.csproj", "{9E567E7D-F1BE-4698-8FEC-476484A499D0}"
EndProject
Project("{9A19103F-16F7-4668-BE54-9A1E7A4F7556}") = "AmazingInsta.Microservices.IamMicroservice.Shared", "AmazingInsta.Microservices.IamMicroservice.Shared\AmazingInsta.Microservices.IamMicroservice.Shared.csproj", "{5D072B20-7517-461E-A049-04996DA9A853}"
EndProject
Project("{9A19103F-16F7-4668-BE54-9A1E7A4F7556}") = "AmazingInsta.Microservices.IamMicroservice.STS.Identity", "AmazingInsta.Microservices.IamMicroservice.STS.Identity\AmazingInsta.Microservices.IamMicroservice.STS.Identity.csproj", "{C21D07EF-90DF-4851-8658-22F80A08F2AE}"
EndProject
Global
	GlobalSection(SolutionConfigurationPlatforms) = preSolution
		Debug|Any CPU = Debug|Any CPU
		Release|Any CPU = Release|Any CPU
	EndGlobalSection
	GlobalSection(ProjectConfigurationPlatforms) = postSolution
		{1880289E-5B5F-402C-8987-0801B7B23E1F}.Debug|Any CPU.ActiveCfg = Debug|Any CPU
		{1880289E-5B5F-402C-8987-0801B7B23E1F}.Debug|Any CPU.Build.0 = Debug|Any CPU
		{1880289E-5B5F-402C-8987-0801B7B23E1F}.Release|Any CPU.ActiveCfg = Release|Any CPU
		{1880289E-5B5F-402C-8987-0801B7B23E1F}.Release|Any CPU.Build.0 = Release|Any CPU
		{62BCD6B4-1E6B-48B6-B771-6EF7329A4B5D}.Debug|Any CPU.ActiveCfg = Debug|Any CPU
		{62BCD6B4-1E6B-48B6-B771-6EF7329A4B5D}.Debug|Any CPU.Build.0 = Debug|Any CPU
		{62BCD6B4-1E6B-48B6-B771-6EF7329A4B5D}.Release|Any CPU.ActiveCfg = Release|Any CPU
		{62BCD6B4-1E6B-48B6-B771-6EF7329A4B5D}.Release|Any CPU.Build.0 = Release|Any CPU
		{F9009B75-C58B-4C6F-9BD0-5462E0ADC8A9}.Debug|Any CPU.ActiveCfg = Debug|Any CPU
		{F9009B75-C58B-4C6F-9BD0-5462E0ADC8A9}.Debug|Any CPU.Build.0 = Debug|Any CPU
		{F9009B75-C58B-4C6F-9BD0-5462E0ADC8A9}.Release|Any CPU.ActiveCfg = Release|Any CPU
		{F9009B75-C58B-4C6F-9BD0-5462E0ADC8A9}.Release|Any CPU.Build.0 = Release|Any CPU
		{E0D0EE02-5E4D-4D01-B6FD-723C232F05BF}.Debug|Any CPU.ActiveCfg = Debug|Any CPU
		{E0D0EE02-5E4D-4D01-B6FD-723C232F05BF}.Debug|Any CPU.Build.0 = Debug|Any CPU
		{E0D0EE02-5E4D-4D01-B6FD-723C232F05BF}.Release|Any CPU.ActiveCfg = Release|Any CPU
		{E0D0EE02-5E4D-4D01-B6FD-723C232F05BF}.Release|Any CPU.Build.0 = Release|Any CPU
		{24FB2121-BCB4-424F-9866-0CFB7A5046D6}.Debug|Any CPU.ActiveCfg = Debug|Any CPU
		{24FB2121-BCB4-424F-9866-0CFB7A5046D6}.Debug|Any CPU.Build.0 = Debug|Any CPU
		{24FB2121-BCB4-424F-9866-0CFB7A5046D6}.Release|Any CPU.ActiveCfg = Release|Any CPU
		{24FB2121-BCB4-424F-9866-0CFB7A5046D6}.Release|Any CPU.Build.0 = Release|Any CPU
		{58C2B1FE-1679-49C5-B086-1861042B95BB}.Debug|Any CPU.ActiveCfg = Debug|Any CPU
		{58C2B1FE-1679-49C5-B086-1861042B95BB}.Debug|Any CPU.Build.0 = Debug|Any CPU
		{58C2B1FE-1679-49C5-B086-1861042B95BB}.Release|Any CPU.ActiveCfg = Release|Any CPU
		{58C2B1FE-1679-49C5-B086-1861042B95BB}.Release|Any CPU.Build.0 = Release|Any CPU
		{FB72409B-099B-4C41-B02F-5C17F912205A}.Debug|Any CPU.ActiveCfg = Debug|Any CPU
		{FB72409B-099B-4C41-B02F-5C17F912205A}.Debug|Any CPU.Build.0 = Debug|Any CPU
		{FB72409B-099B-4C41-B02F-5C17F912205A}.Release|Any CPU.ActiveCfg = Release|Any CPU
		{FB72409B-099B-4C41-B02F-5C17F912205A}.Release|Any CPU.Build.0 = Release|Any CPU
		{E9B09E98-4074-4E30-9D82-A0B68B858AB8}.Debug|Any CPU.ActiveCfg = Debug|Any CPU
		{E9B09E98-4074-4E30-9D82-A0B68B858AB8}.Debug|Any CPU.Build.0 = Debug|Any CPU
		{E9B09E98-4074-4E30-9D82-A0B68B858AB8}.Release|Any CPU.ActiveCfg = Release|Any CPU
		{E9B09E98-4074-4E30-9D82-A0B68B858AB8}.Release|Any CPU.Build.0 = Release|Any CPU
		{0C1C0D8D-0B6D-4575-8647-FE03AE884807}.Debug|Any CPU.ActiveCfg = Debug|Any CPU
		{0C1C0D8D-0B6D-4575-8647-FE03AE884807}.Debug|Any CPU.Build.0 = Debug|Any CPU
		{0C1C0D8D-0B6D-4575-8647-FE03AE884807}.Release|Any CPU.ActiveCfg = Release|Any CPU
		{0C1C0D8D-0B6D-4575-8647-FE03AE884807}.Release|Any CPU.Build.0 = Release|Any CPU
		{FD774D24-8B4E-4DCA-A1A7-3B03E6B943F6}.Debug|Any CPU.ActiveCfg = Debug|Any CPU
		{FD774D24-8B4E-4DCA-A1A7-3B03E6B943F6}.Debug|Any CPU.Build.0 = Debug|Any CPU
		{FD774D24-8B4E-4DCA-A1A7-3B03E6B943F6}.Release|Any CPU.ActiveCfg = Release|Any CPU
		{FD774D24-8B4E-4DCA-A1A7-3B03E6B943F6}.Release|Any CPU.Build.0 = Release|Any CPU
		{9E567E7D-F1BE-4698-8FEC-476484A499D0}.Debug|Any CPU.ActiveCfg = Debug|Any CPU
		{9E567E7D-F1BE-4698-8FEC-476484A499D0}.Debug|Any CPU.Build.0 = Debug|Any CPU
		{9E567E7D-F1BE-4698-8FEC-476484A499D0}.Release|Any CPU.ActiveCfg = Release|Any CPU
		{9E567E7D-F1BE-4698-8FEC-476484A499D0}.Release|Any CPU.Build.0 = Release|Any CPU
		{5D072B20-7517-461E-A049-04996DA9A853}.Debug|Any CPU.ActiveCfg = Debug|Any CPU
		{5D072B20-7517-461E-A049-04996DA9A853}.Debug|Any CPU.Build.0 = Debug|Any CPU
		{5D072B20-7517-461E-A049-04996DA9A853}.Release|Any CPU.ActiveCfg = Release|Any CPU
		{5D072B20-7517-461E-A049-04996DA9A853}.Release|Any CPU.Build.0 = Release|Any CPU
		{C21D07EF-90DF-4851-8658-22F80A08F2AE}.Debug|Any CPU.ActiveCfg = Debug|Any CPU
		{C21D07EF-90DF-4851-8658-22F80A08F2AE}.Debug|Any CPU.Build.0 = Debug|Any CPU
		{C21D07EF-90DF-4851-8658-22F80A08F2AE}.Release|Any CPU.ActiveCfg = Release|Any CPU
		{C21D07EF-90DF-4851-8658-22F80A08F2AE}.Release|Any CPU.Build.0 = Release|Any CPU
	EndGlobalSection
	GlobalSection(SolutionProperties) = preSolution
		HideSolutionNode = FALSE
	EndGlobalSection
	GlobalSection(NestedProjects) = preSolution
		{73F54049-3DEE-4B44-9346-833FB62AE359} = {3BA547F3-8F0D-4E87-B3D3-173ECC5AABE9}
		{C68556C4-043A-4049-97AE-0514DF589E4A} = {3BA547F3-8F0D-4E87-B3D3-173ECC5AABE9}
		{D02A4606-57C0-41E7-8FAB-5EB542BF5F00} = {3BA547F3-8F0D-4E87-B3D3-173ECC5AABE9}
		{3B16C669-5172-4117-88BE-F6FFFF8675E9} = {3BA547F3-8F0D-4E87-B3D3-173ECC5AABE9}
		{37162902-2913-4E2F-B9AB-309881D154DE} = {73F54049-3DEE-4B44-9346-833FB62AE359}
		{699ECF12-1EFC-46A6-AEAE-6EE3A0BC29E2} = {73F54049-3DEE-4B44-9346-833FB62AE359}
		{1C444BE2-CE07-41B9-B90A-B41AFF27D031} = {DC594961-F041-481C-9DCF-DEBCA50742E0}
		{978D08B5-B6D6-45F9-A465-713D38B9B7C9} = {DC594961-F041-481C-9DCF-DEBCA50742E0}
		{AC41515A-7889-49F3-9D4D-17D327EC8848} = {DC594961-F041-481C-9DCF-DEBCA50742E0}
		{D66FB795-575D-4548-BE1A-C3AA4C4E0AF2} = {DC594961-F041-481C-9DCF-DEBCA50742E0}
		{99AFAA7E-90B9-46CC-92A2-1F410D61604E} = {1C444BE2-CE07-41B9-B90A-B41AFF27D031}
		{479C4D25-52EE-4AEF-80FA-6AF8791AD4E5} = {1C444BE2-CE07-41B9-B90A-B41AFF27D031}
		{AF46A426-0B5E-40A1-841D-969710DC98B2} = {1C444BE2-CE07-41B9-B90A-B41AFF27D031}
		{1880289E-5B5F-402C-8987-0801B7B23E1F} = {479C4D25-52EE-4AEF-80FA-6AF8791AD4E5}
		{62BCD6B4-1E6B-48B6-B771-6EF7329A4B5D} = {AF46A426-0B5E-40A1-841D-969710DC98B2}
		{F9009B75-C58B-4C6F-9BD0-5462E0ADC8A9} = {99AFAA7E-90B9-46CC-92A2-1F410D61604E}
		{E0D0EE02-5E4D-4D01-B6FD-723C232F05BF} = {699ECF12-1EFC-46A6-AEAE-6EE3A0BC29E2}
		{24FB2121-BCB4-424F-9866-0CFB7A5046D6} = {B7D21CD0-7A30-4B91-AAF8-5687D7640441}
		{58C2B1FE-1679-49C5-B086-1861042B95BB} = {D66FB795-575D-4548-BE1A-C3AA4C4E0AF2}
		{FB72409B-099B-4C41-B02F-5C17F912205A} = {D66FB795-575D-4548-BE1A-C3AA4C4E0AF2}
		{E9B09E98-4074-4E30-9D82-A0B68B858AB8} = {D66FB795-575D-4548-BE1A-C3AA4C4E0AF2}
		{0C1C0D8D-0B6D-4575-8647-FE03AE884807} = {D66FB795-575D-4548-BE1A-C3AA4C4E0AF2}
		{FD774D24-8B4E-4DCA-A1A7-3B03E6B943F6} = {D66FB795-575D-4548-BE1A-C3AA4C4E0AF2}
		{9E567E7D-F1BE-4698-8FEC-476484A499D0} = {D66FB795-575D-4548-BE1A-C3AA4C4E0AF2}
		{5D072B20-7517-461E-A049-04996DA9A853} = {D66FB795-575D-4548-BE1A-C3AA4C4E0AF2}
		{C21D07EF-90DF-4851-8658-22F80A08F2AE} = {D66FB795-575D-4548-BE1A-C3AA4C4E0AF2}
	EndGlobalSection
	GlobalSection(ExtensibilityGlobals) = postSolution
		SolutionGuid = {4948EDFA-AA2E-4574-AA7B-212BA2B04BCE}
	EndGlobalSection
EndGlobal
